
Microsoft Visual Studio Solution File, Format Version 12.00
# Visual Studio Version 17
VisualStudioVersion = 17.11.35222.181
MinimumVisualStudioVersion = 10.0.40219.1
Project("{8BC9CEB8-8B4A-11D0-8D11-00A0C91BC942}") = "opdracht1", "opdracht1\opdracht1.vcxproj", "{A4F907F5-C7CA-4199-8D1F-AEDEFC2ED7B2}"
EndProject
Project("{2150E333-8FDC-42A3-9474-1A3956D46DE8}") = "Solution Items", "Solution Items", "{BCC5F454-AA7E-4434-92D7-8A2B00DC0369}"
	ProjectSection(SolutionItems) = preProject
		empty.c = empty.c
	EndProjectSection
EndProject
Project("{8BC9CEB8-8B4A-11D0-8D11-00A0C91BC942}") = "opdracht2", "opdracht2\opdracht2.vcxproj", "{73BD0632-AC4F-4ACB-86B1-EC3332E6B419}"
EndProject
Project("{8BC9CEB8-8B4A-11D0-8D11-00A0C91BC942}") = "opdracht5", "opdracht5\opdracht5.vcxproj", "{A6538AA8-AAEF-4A10-AC5C-4D3701F92D85}"
EndProject
Project("{8BC9CEB8-8B4A-11D0-8D11-00A0C91BC942}") = "opdracht6", "opdracht6\opdracht6.vcxproj", "{4E32659F-F4F2-4E4B-B243-ACA9B42BE923}"
EndProject
Project("{8BC9CEB8-8B4A-11D0-8D11-00A0C91BC942}") = "opdracht7", "opdracht7\opdracht7.vcxproj", "{45046F41-B7B4-4903-85C0-123A06398325}"
EndProject
Project("{8BC9CEB8-8B4A-11D0-8D11-00A0C91BC942}") = "opdracht8", "opdracht8\opdracht8.vcxproj", "{B94D7736-1881-4781-8C8D-98F6F1BD6913}"
EndProject
Project("{8BC9CEB8-8B4A-11D0-8D11-00A0C91BC942}") = "opdracht9", "opdracht9\opdracht9.vcxproj", "{4EAF16B0-3447-43C0-9978-CE3225BF0314}"
EndProject
Project("{8BC9CEB8-8B4A-11D0-8D11-00A0C91BC942}") = "opdracht10", "opdracht10\opdracht10.vcxproj", "{00857120-D964-47B0-A575-9FB0911A9878}"
EndProject
Project("{8BC9CEB8-8B4A-11D0-8D11-00A0C91BC942}") = "opdracht11", "opdracht11\opdracht11.vcxproj", "{47D4688D-DBA6-4624-A8F0-F38614628917}"
EndProject
Project("{8BC9CEB8-8B4A-11D0-8D11-00A0C91BC942}") = "opdracht12", "opdracht12\opdracht12.vcxproj", "{56862A20-4A6A-4D59-9D5F-359505F61FE7}"
EndProject
Project("{8BC9CEB8-8B4A-11D0-8D11-00A0C91BC942}") = "opdracht13", "opdracht13\opdracht13.vcxproj", "{2344CF32-FE1F-4007-8113-D09950413226}"
EndProject
Global
	GlobalSection(SolutionConfigurationPlatforms) = preSolution
		Debug|x64 = Debug|x64
		Debug|x86 = Debug|x86
		Release|x64 = Release|x64
		Release|x86 = Release|x86
	EndGlobalSection
	GlobalSection(ProjectConfigurationPlatforms) = postSolution
		{A4F907F5-C7CA-4199-8D1F-AEDEFC2ED7B2}.Debug|x64.ActiveCfg = Debug|x64
		{A4F907F5-C7CA-4199-8D1F-AEDEFC2ED7B2}.Debug|x64.Build.0 = Debug|x64
		{A4F907F5-C7CA-4199-8D1F-AEDEFC2ED7B2}.Debug|x86.ActiveCfg = Debug|Win32
		{A4F907F5-C7CA-4199-8D1F-AEDEFC2ED7B2}.Debug|x86.Build.0 = Debug|Win32
		{A4F907F5-C7CA-4199-8D1F-AEDEFC2ED7B2}.Release|x64.ActiveCfg = Release|x64
		{A4F907F5-C7CA-4199-8D1F-AEDEFC2ED7B2}.Release|x64.Build.0 = Release|x64
		{A4F907F5-C7CA-4199-8D1F-AEDEFC2ED7B2}.Release|x86.ActiveCfg = Release|Win32
		{A4F907F5-C7CA-4199-8D1F-AEDEFC2ED7B2}.Release|x86.Build.0 = Release|Win32
		{73BD0632-AC4F-4ACB-86B1-EC3332E6B419}.Debug|x64.ActiveCfg = Debug|x64
		{73BD0632-AC4F-4ACB-86B1-EC3332E6B419}.Debug|x64.Build.0 = Debug|x64
		{73BD0632-AC4F-4ACB-86B1-EC3332E6B419}.Debug|x86.ActiveCfg = Debug|Win32
		{73BD0632-AC4F-4ACB-86B1-EC3332E6B419}.Debug|x86.Build.0 = Debug|Win32
		{73BD0632-AC4F-4ACB-86B1-EC3332E6B419}.Release|x64.ActiveCfg = Release|x64
		{73BD0632-AC4F-4ACB-86B1-EC3332E6B419}.Release|x64.Build.0 = Release|x64
		{73BD0632-AC4F-4ACB-86B1-EC3332E6B419}.Release|x86.ActiveCfg = Release|Win32
		{73BD0632-AC4F-4ACB-86B1-EC3332E6B419}.Release|x86.Build.0 = Release|Win32
		{A6538AA8-AAEF-4A10-AC5C-4D3701F92D85}.Debug|x64.ActiveCfg = Debug|x64
		{A6538AA8-AAEF-4A10-AC5C-4D3701F92D85}.Debug|x64.Build.0 = Debug|x64
		{A6538AA8-AAEF-4A10-AC5C-4D3701F92D85}.Debug|x86.ActiveCfg = Debug|Win32
		{A6538AA8-AAEF-4A10-AC5C-4D3701F92D85}.Debug|x86.Build.0 = Debug|Win32
		{A6538AA8-AAEF-4A10-AC5C-4D3701F92D85}.Release|x64.ActiveCfg = Release|x64
		{A6538AA8-AAEF-4A10-AC5C-4D3701F92D85}.Release|x64.Build.0 = Release|x64
		{A6538AA8-AAEF-4A10-AC5C-4D3701F92D85}.Release|x86.ActiveCfg = Release|Win32
		{A6538AA8-AAEF-4A10-AC5C-4D3701F92D85}.Release|x86.Build.0 = Release|Win32
		{4E32659F-F4F2-4E4B-B243-ACA9B42BE923}.Debug|x64.ActiveCfg = Debug|x64
		{4E32659F-F4F2-4E4B-B243-ACA9B42BE923}.Debug|x64.Build.0 = Debug|x64
		{4E32659F-F4F2-4E4B-B243-ACA9B42BE923}.Debug|x86.ActiveCfg = Debug|Win32
		{4E32659F-F4F2-4E4B-B243-ACA9B42BE923}.Debug|x86.Build.0 = Debug|Win32
		{4E32659F-F4F2-4E4B-B243-ACA9B42BE923}.Release|x64.ActiveCfg = Release|x64
		{4E32659F-F4F2-4E4B-B243-ACA9B42BE923}.Release|x64.Build.0 = Release|x64
		{4E32659F-F4F2-4E4B-B243-ACA9B42BE923}.Release|x86.ActiveCfg = Release|Win32
		{4E32659F-F4F2-4E4B-B243-ACA9B42BE923}.Release|x86.Build.0 = Release|Win32
		{45046F41-B7B4-4903-85C0-123A06398325}.Debug|x64.ActiveCfg = Debug|x64
		{45046F41-B7B4-4903-85C0-123A06398325}.Debug|x64.Build.0 = Debug|x64
		{45046F41-B7B4-4903-85C0-123A06398325}.Debug|x86.ActiveCfg = Debug|Win32
		{45046F41-B7B4-4903-85C0-123A06398325}.Debug|x86.Build.0 = Debug|Win32
		{45046F41-B7B4-4903-85C0-123A06398325}.Release|x64.ActiveCfg = Release|x64
		{45046F41-B7B4-4903-85C0-123A06398325}.Release|x64.Build.0 = Release|x64
		{45046F41-B7B4-4903-85C0-123A06398325}.Release|x86.ActiveCfg = Release|Win32
		{45046F41-B7B4-4903-85C0-123A06398325}.Release|x86.Build.0 = Release|Win32
		{B94D7736-1881-4781-8C8D-98F6F1BD6913}.Debug|x64.ActiveCfg = Debug|x64
		{B94D7736-1881-4781-8C8D-98F6F1BD6913}.Debug|x64.Build.0 = Debug|x64
		{B94D7736-1881-4781-8C8D-98F6F1BD6913}.Debug|x86.ActiveCfg = Debug|Win32
		{B94D7736-1881-4781-8C8D-98F6F1BD6913}.Debug|x86.Build.0 = Debug|Win32
		{B94D7736-1881-4781-8C8D-98F6F1BD6913}.Release|x64.ActiveCfg = Release|x64
		{B94D7736-1881-4781-8C8D-98F6F1BD6913}.Release|x64.Build.0 = Release|x64
		{B94D7736-1881-4781-8C8D-98F6F1BD6913}.Release|x86.ActiveCfg = Release|Win32
		{B94D7736-1881-4781-8C8D-98F6F1BD6913}.Release|x86.Build.0 = Release|Win32
		{4EAF16B0-3447-43C0-9978-CE3225BF0314}.Debug|x64.ActiveCfg = Debug|x64
		{4EAF16B0-3447-43C0-9978-CE3225BF0314}.Debug|x64.Build.0 = Debug|x64
		{4EAF16B0-3447-43C0-9978-CE3225BF0314}.Debug|x86.ActiveCfg = Debug|Win32
		{4EAF16B0-3447-43C0-9978-CE3225BF0314}.Debug|x86.Build.0 = Debug|Win32
		{4EAF16B0-3447-43C0-9978-CE3225BF0314}.Release|x64.ActiveCfg = Release|x64
		{4EAF16B0-3447-43C0-9978-CE3225BF0314}.Release|x64.Build.0 = Release|x64
		{4EAF16B0-3447-43C0-9978-CE3225BF0314}.Release|x86.ActiveCfg = Release|Win32
		{4EAF16B0-3447-43C0-9978-CE3225BF0314}.Release|x86.Build.0 = Release|Win32
		{00857120-D964-47B0-A575-9FB0911A9878}.Debug|x64.ActiveCfg = Debug|x64
		{00857120-D964-47B0-A575-9FB0911A9878}.Debug|x64.Build.0 = Debug|x64
		{00857120-D964-47B0-A575-9FB0911A9878}.Debug|x86.ActiveCfg = Debug|Win32
		{00857120-D964-47B0-A575-9FB0911A9878}.Debug|x86.Build.0 = Debug|Win32
		{00857120-D964-47B0-A575-9FB0911A9878}.Release|x64.ActiveCfg = Release|x64
		{00857120-D964-47B0-A575-9FB0911A9878}.Release|x64.Build.0 = Release|x64
		{00857120-D964-47B0-A575-9FB0911A9878}.Release|x86.ActiveCfg = Release|Win32
		{00857120-D964-47B0-A575-9FB0911A9878}.Release|x86.Build.0 = Release|Win32
		{47D4688D-DBA6-4624-A8F0-F38614628917}.Debug|x64.ActiveCfg = Debug|x64
		{47D4688D-DBA6-4624-A8F0-F38614628917}.Debug|x64.Build.0 = Debug|x64
		{47D4688D-DBA6-4624-A8F0-F38614628917}.Debug|x86.ActiveCfg = Debug|Win32
		{47D4688D-DBA6-4624-A8F0-F38614628917}.Debug|x86.Build.0 = Debug|Win32
		{47D4688D-DBA6-4624-A8F0-F38614628917}.Release|x64.ActiveCfg = Release|x64
		{47D4688D-DBA6-4624-A8F0-F38614628917}.Release|x64.Build.0 = Release|x64
		{47D4688D-DBA6-4624-A8F0-F38614628917}.Release|x86.ActiveCfg = Release|Win32
		{47D4688D-DBA6-4624-A8F0-F38614628917}.Release|x86.Build.0 = Release|Win32
		{56862A20-4A6A-4D59-9D5F-359505F61FE7}.Debug|x64.ActiveCfg = Debug|x64
		{56862A20-4A6A-4D59-9D5F-359505F61FE7}.Debug|x64.Build.0 = Debug|x64
		{56862A20-4A6A-4D59-9D5F-359505F61FE7}.Debug|x86.ActiveCfg = Debug|Win32
		{56862A20-4A6A-4D59-9D5F-359505F61FE7}.Debug|x86.Build.0 = Debug|Win32
		{56862A20-4A6A-4D59-9D5F-359505F61FE7}.Release|x64.ActiveCfg = Release|x64
		{56862A20-4A6A-4D59-9D5F-359505F61FE7}.Release|x64.Build.0 = Release|x64
		{56862A20-4A6A-4D59-9D5F-359505F61FE7}.Release|x86.ActiveCfg = Release|Win32
		{56862A20-4A6A-4D59-9D5F-359505F61FE7}.Release|x86.Build.0 = Release|Win32
		{2344CF32-FE1F-4007-8113-D09950413226}.Debug|x64.ActiveCfg = Debug|x64
		{2344CF32-FE1F-4007-8113-D09950413226}.Debug|x64.Build.0 = Debug|x64
		{2344CF32-FE1F-4007-8113-D09950413226}.Debug|x86.ActiveCfg = Debug|Win32
		{2344CF32-FE1F-4007-8113-D09950413226}.Debug|x86.Build.0 = Debug|Win32
		{2344CF32-FE1F-4007-8113-D09950413226}.Release|x64.ActiveCfg = Release|x64
		{2344CF32-FE1F-4007-8113-D09950413226}.Release|x64.Build.0 = Release|x64
		{2344CF32-FE1F-4007-8113-D09950413226}.Release|x86.ActiveCfg = Release|Win32
		{2344CF32-FE1F-4007-8113-D09950413226}.Release|x86.Build.0 = Release|Win32
	EndGlobalSection
	GlobalSection(SolutionProperties) = preSolution
		HideSolutionNode = FALSE
	EndGlobalSection
	GlobalSection(ExtensibilityGlobals) = postSolution
		SolutionGuid = {F4FA6717-673D-407B-BD38-148529805A15}
	EndGlobalSection
EndGlobal
